{
  "name": "pudo-code-system",
  "version": "1.3.0",
  "lockfileVersion": 3,
  "requires": true,
  "packages": {
    "": {
      "name": "pudo-code-system",
      "version": "1.3.0",
      "license": "MIT",
      "bin": {
        "pudo": "bin/pudo.js",
        "pudo-code-system": "bin/pudo.js"
      },
      "engines": {
        "node": ">=20"
      }
    }
  }
}
